PODS:
  - SDWebImage (3.8.0):
    - SDWebImage/Core (= 3.8.0)
  - SDWebImage/Core (3.8.0)
  - WDYBaseProject (0.2.4):
    - WDYBaseProject/Category (= 0.2.4)
    - WDYBaseProject/Macros (= 0.2.4)
    - WDYBaseProject/Other (= 0.2.4)
    - WDYBaseProject/UI (= 0.2.4)
  - WDYBaseProject/Category (0.2.4)
  - WDYBaseProject/Macros (0.2.4)
  - WDYBaseProject/Other (0.2.4):
    - SDWebImage (= 3.8.0)
  - WDYBaseProject/UI (0.2.4)

DEPENDENCIES:
  - WDYBaseProject (from `../`)

EXTERNAL SOURCES:
  WDYBaseProject:
    :path: ../

SPEC CHECKSUMS:
  SDWebImage: 7d9fe229266696de91eadf840c77ca15efd4bbd2
  WDYBaseProject: 81192852b4d26a127c99eee8b76f5ab618d058f4

PODFILE CHECKSUM: 1fd807ad36e1d3da360c648716fa662ebe11eca2

COCOAPODS: 1.1.1
